
Microsoft Visual Studio Solution File, Format Version 12.00
# Visual Studio Version 17
VisualStudioVersion = 17.6.33723.286
MinimumVisualStudioVersion = 10.0.40219.1
Project("{FAE04EC0-301F-11D3-BF4B-00C04F79EFBC}") = "CSVtoDatabase", "CSVtoDatabase\CSVtoDatabase.csproj", "{C0B4DE7E-29A3-4924-9643-30B5D2D97BAC}"
EndProject
Global
	GlobalSection(SolutionConfigurationPlatforms) = preSolution
		Debug|Any CPU = Debug|Any CPU
		Release|Any CPU = Release|Any CPU
	EndGlobalSection
	GlobalSection(ProjectConfigurationPlatforms) = postSolution
		{C0B4DE7E-29A3-4924-9643-30B5D2D97BAC}.Debug|Any CPU.ActiveCfg = Debug|Any CPU
		{C0B4DE7E-29A3-4924-9643-30B5D2D97BAC}.Debug|Any CPU.Build.0 = Debug|Any CPU
		{C0B4DE7E-29A3-4924-9643-30B5D2D97BAC}.Release|Any CPU.ActiveCfg = Release|Any CPU
		{C0B4DE7E-29A3-4924-9643-30B5D2D97BAC}.Release|Any CPU.Build.0 = Release|Any CPU
	EndGlobalSection
	GlobalSection(SolutionProperties) = preSolution
		HideSolutionNode = FALSE
	EndGlobalSection
	GlobalSection(ExtensibilityGlobals) = postSolution
		SolutionGuid = {AA29D069-092C-443B-856F-3D9667F81D0F}
	EndGlobalSection
EndGlobal
